
Microsoft Visual Studio Solution File, Format Version 12.00
# Visual Studio Version 17
VisualStudioVersion = 17.0.31903.59
MinimumVisualStudioVersion = 10.0.40219.1
Project("{2150E333-8FDC-42A3-9474-1A3956D46DE8}") = "src", "src", "{827E0CD3-B72D-47B6-A68D-7590B98EB39B}"
EndProject
Project("{FAE04EC0-301F-11D3-BF4B-00C04F79EFBC}") = "Imagile.Framework.EntityFrameworkCore.Testing", "src\Imagile.Framework.EntityFrameworkCore.Testing\Imagile.Framework.EntityFrameworkCore.Testing.csproj", "{550A51EB-453D-4F23-B232-7A192EBFEAAC}"
EndProject
Project("{FAE04EC0-301F-11D3-BF4B-00C04F79EFBC}") = "Imagile.Framework.Core", "src\Imagile.Framework.Core\Imagile.Framework.Core.csproj", "{299BD054-2592-495A-9843-80E5C04B8794}"
EndProject
Project("{FAE04EC0-301F-11D3-BF4B-00C04F79EFBC}") = "Imagile.Framework.EntityFrameworkCore", "src\Imagile.Framework.EntityFrameworkCore\Imagile.Framework.EntityFrameworkCore.csproj", "{FF21E60B-5F9E-48D3-A1AB-06CBFCE86DD0}"
EndProject
Project("{FAE04EC0-301F-11D3-BF4B-00C04F79EFBC}") = "Imagile.Framework.Blazor.ApplicationInsights", "src\Imagile.Framework.Blazor.ApplicationInsights\Imagile.Framework.Blazor.ApplicationInsights.csproj", "{AFE9C181-5421-456B-B191-D876045BC782}"
EndProject
Project("{2150E333-8FDC-42A3-9474-1A3956D46DE8}") = "tests", "tests", "{0AB3BF05-4346-4AA6-1389-037BE0695223}"
EndProject
Project("{FAE04EC0-301F-11D3-BF4B-00C04F79EFBC}") = "Imagile.Framework.Blazor.ApplicationInsights.Tests", "tests\Imagile.Framework.Blazor.ApplicationInsights.Tests\Imagile.Framework.Blazor.ApplicationInsights.Tests.csproj", "{AB7B384F-EC64-4D7C-A4E0-2548BBBAF2BB}"
EndProject
Project("{FAE04EC0-301F-11D3-BF4B-00C04F79EFBC}") = "Imagile.Framework.Configuration", "src\Imagile.Framework.Configuration\Imagile.Framework.Configuration.csproj", "{6C59CBE4-88AF-462B-B8C2-11712915A9DE}"
EndProject
Project("{FAE04EC0-301F-11D3-BF4B-00C04F79EFBC}") = "Imagile.Framework.Configuration.Tests", "tests\Imagile.Framework.Configuration.Tests\Imagile.Framework.Configuration.Tests.csproj", "{7C901A94-E64A-40BC-A38F-E39A0FB1CD4C}"
EndProject
Project("{FAE04EC0-301F-11D3-BF4B-00C04F79EFBC}") = "Imagile.Framework.Storage", "src\Imagile.Framework.Storage\Imagile.Framework.Storage.csproj", "{A6F4F361-3F34-41EF-B96D-D747C8E95753}"
EndProject
Global
	GlobalSection(SolutionConfigurationPlatforms) = preSolution
		Debug|Any CPU = Debug|Any CPU
		Debug|x64 = Debug|x64
		Debug|x86 = Debug|x86
		Release|Any CPU = Release|Any CPU
		Release|x64 = Release|x64
		Release|x86 = Release|x86
	EndGlobalSection
	GlobalSection(ProjectConfigurationPlatforms) = postSolution
		{550A51EB-453D-4F23-B232-7A192EBFEAAC}.Debug|Any CPU.ActiveCfg = Debug|Any CPU
		{550A51EB-453D-4F23-B232-7A192EBFEAAC}.Debug|Any CPU.Build.0 = Debug|Any CPU
		{550A51EB-453D-4F23-B232-7A192EBFEAAC}.Debug|x64.ActiveCfg = Debug|Any CPU
		{550A51EB-453D-4F23-B232-7A192EBFEAAC}.Debug|x64.Build.0 = Debug|Any CPU
		{550A51EB-453D-4F23-B232-7A192EBFEAAC}.Debug|x86.ActiveCfg = Debug|Any CPU
		{550A51EB-453D-4F23-B232-7A192EBFEAAC}.Debug|x86.Build.0 = Debug|Any CPU
		{550A51EB-453D-4F23-B232-7A192EBFEAAC}.Release|Any CPU.ActiveCfg = Release|Any CPU
		{550A51EB-453D-4F23-B232-7A192EBFEAAC}.Release|Any CPU.Build.0 = Release|Any CPU
		{550A51EB-453D-4F23-B232-7A192EBFEAAC}.Release|x64.ActiveCfg = Release|Any CPU
		{550A51EB-453D-4F23-B232-7A192EBFEAAC}.Release|x64.Build.0 = Release|Any CPU
		{550A51EB-453D-4F23-B232-7A192EBFEAAC}.Release|x86.ActiveCfg = Release|Any CPU
		{550A51EB-453D-4F23-B232-7A192EBFEAAC}.Release|x86.Build.0 = Release|Any CPU
		{299BD054-2592-495A-9843-80E5C04B8794}.Debug|Any CPU.ActiveCfg = Debug|Any CPU
		{299BD054-2592-495A-9843-80E5C04B8794}.Debug|Any CPU.Build.0 = Debug|Any CPU
		{299BD054-2592-495A-9843-80E5C04B8794}.Debug|x64.ActiveCfg = Debug|Any CPU
		{299BD054-2592-495A-9843-80E5C04B8794}.Debug|x64.Build.0 = Debug|Any CPU
		{299BD054-2592-495A-9843-80E5C04B8794}.Debug|x86.ActiveCfg = Debug|Any CPU
		{299BD054-2592-495A-9843-80E5C04B8794}.Debug|x86.Build.0 = Debug|Any CPU
		{299BD054-2592-495A-9843-80E5C04B8794}.Release|Any CPU.ActiveCfg = Release|Any CPU
		{299BD054-2592-495A-9843-80E5C04B8794}.Release|Any CPU.Build.0 = Release|Any CPU
		{299BD054-2592-495A-9843-80E5C04B8794}.Release|x64.ActiveCfg = Release|Any CPU
		{299BD054-2592-495A-9843-80E5C04B8794}.Release|x64.Build.0 = Release|Any CPU
		{299BD054-2592-495A-9843-80E5C04B8794}.Release|x86.ActiveCfg = Release|Any CPU
		{299BD054-2592-495A-9843-80E5C04B8794}.Release|x86.Build.0 = Release|Any CPU
		{FF21E60B-5F9E-48D3-A1AB-06CBFCE86DD0}.Debug|Any CPU.ActiveCfg = Debug|Any CPU
		{FF21E60B-5F9E-48D3-A1AB-06CBFCE86DD0}.Debug|Any CPU.Build.0 = Debug|Any CPU
		{FF21E60B-5F9E-48D3-A1AB-06CBFCE86DD0}.Debug|x64.ActiveCfg = Debug|Any CPU
		{FF21E60B-5F9E-48D3-A1AB-06CBFCE86DD0}.Debug|x64.Build.0 = Debug|Any CPU
		{FF21E60B-5F9E-48D3-A1AB-06CBFCE86DD0}.Debug|x86.ActiveCfg = Debug|Any CPU
		{FF21E60B-5F9E-48D3-A1AB-06CBFCE86DD0}.Debug|x86.Build.0 = Debug|Any CPU
		{FF21E60B-5F9E-48D3-A1AB-06CBFCE86DD0}.Release|Any CPU.ActiveCfg = Release|Any CPU
		{FF21E60B-5F9E-48D3-A1AB-06CBFCE86DD0}.Release|Any CPU.Build.0 = Release|Any CPU
		{FF21E60B-5F9E-48D3-A1AB-06CBFCE86DD0}.Release|x64.ActiveCfg = Release|Any CPU
		{FF21E60B-5F9E-48D3-A1AB-06CBFCE86DD0}.Release|x64.Build.0 = Release|Any CPU
		{FF21E60B-5F9E-48D3-A1AB-06CBFCE86DD0}.Release|x86.ActiveCfg = Release|Any CPU
		{FF21E60B-5F9E-48D3-A1AB-06CBFCE86DD0}.Release|x86.Build.0 = Release|Any CPU
		{AFE9C181-5421-456B-B191-D876045BC782}.Debug|Any CPU.ActiveCfg = Debug|Any CPU
		{AFE9C181-5421-456B-B191-D876045BC782}.Debug|Any CPU.Build.0 = Debug|Any CPU
		{AFE9C181-5421-456B-B191-D876045BC782}.Debug|x64.ActiveCfg = Debug|Any CPU
		{AFE9C181-5421-456B-B191-D876045BC782}.Debug|x64.Build.0 = Debug|Any CPU
		{AFE9C181-5421-456B-B191-D876045BC782}.Debug|x86.ActiveCfg = Debug|Any CPU
		{AFE9C181-5421-456B-B191-D876045BC782}.Debug|x86.Build.0 = Debug|Any CPU
		{AFE9C181-5421-456B-B191-D876045BC782}.Release|Any CPU.ActiveCfg = Release|Any CPU
		{AFE9C181-5421-456B-B191-D876045BC782}.Release|Any CPU.Build.0 = Release|Any CPU
		{AFE9C181-5421-456B-B191-D876045BC782}.Release|x64.ActiveCfg = Release|Any CPU
		{AFE9C181-5421-456B-B191-D876045BC782}.Release|x64.Build.0 = Release|Any CPU
		{AFE9C181-5421-456B-B191-D876045BC782}.Release|x86.ActiveCfg = Release|Any CPU
		{AFE9C181-5421-456B-B191-D876045BC782}.Release|x86.Build.0 = Release|Any CPU
		{AB7B384F-EC64-4D7C-A4E0-2548BBBAF2BB}.Debug|Any CPU.ActiveCfg = Debug|Any CPU
		{AB7B384F-EC64-4D7C-A4E0-2548BBBAF2BB}.Debug|Any CPU.Build.0 = Debug|Any CPU
		{AB7B384F-EC64-4D7C-A4E0-2548BBBAF2BB}.Debug|x64.ActiveCfg = Debug|Any CPU
		{AB7B384F-EC64-4D7C-A4E0-2548BBBAF2BB}.Debug|x64.Build.0 = Debug|Any CPU
		{AB7B384F-EC64-4D7C-A4E0-2548BBBAF2BB}.Debug|x86.ActiveCfg = Debug|Any CPU
		{AB7B384F-EC64-4D7C-A4E0-2548BBBAF2BB}.Debug|x86.Build.0 = Debug|Any CPU
		{AB7B384F-EC64-4D7C-A4E0-2548BBBAF2BB}.Release|Any CPU.ActiveCfg = Release|Any CPU
		{AB7B384F-EC64-4D7C-A4E0-2548BBBAF2BB}.Release|Any CPU.Build.0 = Release|Any CPU
		{AB7B384F-EC64-4D7C-A4E0-2548BBBAF2BB}.Release|x64.ActiveCfg = Release|Any CPU
		{AB7B384F-EC64-4D7C-A4E0-2548BBBAF2BB}.Release|x64.Build.0 = Release|Any CPU
		{AB7B384F-EC64-4D7C-A4E0-2548BBBAF2BB}.Release|x86.ActiveCfg = Release|Any CPU
		{AB7B384F-EC64-4D7C-A4E0-2548BBBAF2BB}.Release|x86.Build.0 = Release|Any CPU
		{6C59CBE4-88AF-462B-B8C2-11712915A9DE}.Debug|Any CPU.ActiveCfg = Debug|Any CPU
		{6C59CBE4-88AF-462B-B8C2-11712915A9DE}.Debug|Any CPU.Build.0 = Debug|Any CPU
		{6C59CBE4-88AF-462B-B8C2-11712915A9DE}.Debug|x64.ActiveCfg = Debug|Any CPU
		{6C59CBE4-88AF-462B-B8C2-11712915A9DE}.Debug|x64.Build.0 = Debug|Any CPU
		{6C59CBE4-88AF-462B-B8C2-11712915A9DE}.Debug|x86.ActiveCfg = Debug|Any CPU
		{6C59CBE4-88AF-462B-B8C2-11712915A9DE}.Debug|x86.Build.0 = Debug|Any CPU
		{6C59CBE4-88AF-462B-B8C2-11712915A9DE}.Release|Any CPU.ActiveCfg = Release|Any CPU
		{6C59CBE4-88AF-462B-B8C2-11712915A9DE}.Release|Any CPU.Build.0 = Release|Any CPU
		{6C59CBE4-88AF-462B-B8C2-11712915A9DE}.Release|x64.ActiveCfg = Release|Any CPU
		{6C59CBE4-88AF-462B-B8C2-11712915A9DE}.Release|x64.Build.0 = Release|Any CPU
		{6C59CBE4-88AF-462B-B8C2-11712915A9DE}.Release|x86.ActiveCfg = Release|Any CPU
		{6C59CBE4-88AF-462B-B8C2-11712915A9DE}.Release|x86.Build.0 = Release|Any CPU
		{7C901A94-E64A-40BC-A38F-E39A0FB1CD4C}.Debug|Any CPU.ActiveCfg = Debug|Any CPU
		{7C901A94-E64A-40BC-A38F-E39A0FB1CD4C}.Debug|Any CPU.Build.0 = Debug|Any CPU
		{7C901A94-E64A-40BC-A38F-E39A0FB1CD4C}.Debug|x64.ActiveCfg = Debug|Any CPU
		{7C901A94-E64A-40BC-A38F-E39A0FB1CD4C}.Debug|x64.Build.0 = Debug|Any CPU
		{7C901A94-E64A-40BC-A38F-E39A0FB1CD4C}.Debug|x86.ActiveCfg = Debug|Any CPU
		{7C901A94-E64A-40BC-A38F-E39A0FB1CD4C}.Debug|x86.Build.0 = Debug|Any CPU
		{7C901A94-E64A-40BC-A38F-E39A0FB1CD4C}.Release|Any CPU.ActiveCfg = Release|Any CPU
		{7C901A94-E64A-40BC-A38F-E39A0FB1CD4C}.Release|Any CPU.Build.0 = Release|Any CPU
		{7C901A94-E64A-40BC-A38F-E39A0FB1CD4C}.Release|x64.ActiveCfg = Release|Any CPU
		{7C901A94-E64A-40BC-A38F-E39A0FB1CD4C}.Release|x64.Build.0 = Release|Any CPU
		{7C901A94-E64A-40BC-A38F-E39A0FB1CD4C}.Release|x86.ActiveCfg = Release|Any CPU
		{7C901A94-E64A-40BC-A38F-E39A0FB1CD4C}.Release|x86.Build.0 = Release|Any CPU
		{A6F4F361-3F34-41EF-B96D-D747C8E95753}.Debug|Any CPU.ActiveCfg = Debug|Any CPU
		{A6F4F361-3F34-41EF-B96D-D747C8E95753}.Debug|Any CPU.Build.0 = Debug|Any CPU
		{A6F4F361-3F34-41EF-B96D-D747C8E95753}.Debug|x64.ActiveCfg = Debug|Any CPU
		{A6F4F361-3F34-41EF-B96D-D747C8E95753}.Debug|x64.Build.0 = Debug|Any CPU
		{A6F4F361-3F34-41EF-B96D-D747C8E95753}.Debug|x86.ActiveCfg = Debug|Any CPU
		{A6F4F361-3F34-41EF-B96D-D747C8E95753}.Debug|x86.Build.0 = Debug|Any CPU
		{A6F4F361-3F34-41EF-B96D-D747C8E95753}.Release|Any CPU.ActiveCfg = Release|Any CPU
		{A6F4F361-3F34-41EF-B96D-D747C8E95753}.Release|Any CPU.Build.0 = Release|Any CPU
		{A6F4F361-3F34-41EF-B96D-D747C8E95753}.Release|x64.ActiveCfg = Release|Any CPU
		{A6F4F361-3F34-41EF-B96D-D747C8E95753}.Release|x64.Build.0 = Release|Any CPU
		{A6F4F361-3F34-41EF-B96D-D747C8E95753}.Release|x86.ActiveCfg = Release|Any CPU
		{A6F4F361-3F34-41EF-B96D-D747C8E95753}.Release|x86.Build.0 = Release|Any CPU
	EndGlobalSection
	GlobalSection(SolutionProperties) = preSolution
		HideSolutionNode = FALSE
	EndGlobalSection
	GlobalSection(NestedProjects) = preSolution
		{550A51EB-453D-4F23-B232-7A192EBFEAAC} = {827E0CD3-B72D-47B6-A68D-7590B98EB39B}
		{299BD054-2592-495A-9843-80E5C04B8794} = {827E0CD3-B72D-47B6-A68D-7590B98EB39B}
		{FF21E60B-5F9E-48D3-A1AB-06CBFCE86DD0} = {827E0CD3-B72D-47B6-A68D-7590B98EB39B}
		{AFE9C181-5421-456B-B191-D876045BC782} = {827E0CD3-B72D-47B6-A68D-7590B98EB39B}
		{AB7B384F-EC64-4D7C-A4E0-2548BBBAF2BB} = {0AB3BF05-4346-4AA6-1389-037BE0695223}
		{6C59CBE4-88AF-462B-B8C2-11712915A9DE} = {827E0CD3-B72D-47B6-A68D-7590B98EB39B}
		{7C901A94-E64A-40BC-A38F-E39A0FB1CD4C} = {0AB3BF05-4346-4AA6-1389-037BE0695223}
		{A6F4F361-3F34-41EF-B96D-D747C8E95753} = {827E0CD3-B72D-47B6-A68D-7590B98EB39B}
	EndGlobalSection
EndGlobal
